<?xml version="1.0" encoding="utf-8"?>
<Project ToolsVersion="4.0" xmlns="http://schemas.microsoft.com/developer/msbuild/2003">
  <ItemGroup>
    <Filter Include="Source Files">
      <UniqueIdentifier>{4FC737F1-C7A5-4376-A066-2A32D752A2FF}</UniqueIdentifier>
      <Extensions>cpp;c;cc;cxx;def;odl;idl;hpj;bat;asm;asmx</Extensions>
    </Filter>
    <Filter Include="Header Files">
      <UniqueIdentifier>{93995380-89BD-4b04-88EB-625FBE52EBFB}</UniqueIdentifier>
      <Extensions>h;hh;hpp;hxx;hm;inl;inc;xsd</Extensions>
    </Filter>
    <Filter Include="Source Files\regression">
      <UniqueIdentifier>{5685e9a8-6566-47ed-ae4c-cadc1b5f6dea}</UniqueIdentifier>
    </Filter>
    <Filter Include="Header Files\regression">
      <UniqueIdentifier>{c7e80bbf-28df-45d6-be0f-0e4e26c85b32}</UniqueIdentifier>
    </Filter>
    <Filter Include="Header Files\data">
      <UniqueIdentifier>{e366ced0-3369-487e-bd36-f5a9da08033f}</UniqueIdentifier>
    </Filter>
    <Filter Include="Source Files\data">
      <UniqueIdentifier>{7dea77dc-73ca-4263-a94d-4256721b5e32}</UniqueIdentifier>
    </Filter>
    <Filter Include="Header Files\control">
      <UniqueIdentifier>{6e7abf83-a77e-475e-9cd0-ae9c7b0a6af3}</UniqueIdentifier>
    </Filter>
    <Filter Include="Source Files\control">
      <UniqueIdentifier>{e111d2c9-cb90-4adc-af30-7925993df224}</UniqueIdentifier>
    </Filter>
    <Filter Include="Header Files\tree">
      <UniqueIdentifier>{60885f62-c200-4822-94a0-d2292a9b6689}</UniqueIdentifier>
    </Filter>
    <Filter Include="Source Files\tree">
      <UniqueIdentifier>{6c3f196e-4891-42f2-8acb-5cf96013d783}</UniqueIdentifier>
    </Filter>
    <Filter Include="Header Files\statistic">
      <UniqueIdentifier>{6e1b616e-afae-4bf7-a9d4-2af026c37a57}</UniqueIdentifier>
    </Filter>
    <Filter Include="Source Files\statistic">
      <UniqueIdentifier>{86c5d5c8-dc25-42ef-baea-91b8fe13642d}</UniqueIdentifier>
    </Filter>
    <Filter Include="Source Files\classification">
      <UniqueIdentifier>{a0992dc0-45ab-4514-86c7-86417e022ff5}</UniqueIdentifier>
    </Filter>
    <Filter Include="Header Files\classification">
      <UniqueIdentifier>{85b60f78-1b3a-48b4-b613-9f3bca18fdd2}</UniqueIdentifier>
    </Filter>
  </ItemGroup>
  <ItemGroup>
    <ClInclude Include="mlcore\data\Features.h">
      <Filter>Header Files\data</Filter>
    </ClInclude>
    <ClInclude Include="mlcore\data\VectorDataHistogram.h">
      <Filter>Header Files\data</Filter>
    </ClInclude>
    <ClInclude Include="mlcore\control\TreeControl.h">
      <Filter>Header Files\control</Filter>
    </ClInclude>
    <ClInclude Include="mlcore\tree\Filter.h">
      <Filter>Header Files\tree</Filter>
    </ClInclude>
    <ClInclude Include="mlcore\tree\Node.h">
      <Filter>Header Files\tree</Filter>
    </ClInclude>
    <ClInclude Include="mlcore\tree\Tree.h">
      <Filter>Header Files\tree</Filter>
    </ClInclude>
    <ClInclude Include="mlcore\statistic\DescriptiveStatistics.h">
      <Filter>Header Files\statistic</Filter>
    </ClInclude>
    <ClInclude Include="mlcore\classification\MultiClassLogisticClassification.h">
      <Filter>Header Files\classification</Filter>
    </ClInclude>
  </ItemGroup>
  <ItemGroup>
    <ClCompile Include="mlcore\data\Features.cpp">
      <Filter>Source Files\data</Filter>
    </ClCompile>
    <ClCompile Include="mlcore\data\VectorDataHistogram.cpp">
      <Filter>Source Files\data</Filter>
    </ClCompile>
    <ClCompile Include="mlcore\control\TreeControl.cpp">
      <Filter>Source Files\control</Filter>
    </ClCompile>
    <ClCompile Include="mlcore\tree\Filter.cpp">
      <Filter>Source Files\tree</Filter>
    </ClCompile>
    <ClCompile Include="mlcore\classification\MultiClassLogisticClassification.cpp">
      <Filter>Source Files\classification</Filter>
    </ClCompile>
  </ItemGroup>
</Project>